
Microsoft Visual Studio Solution File, Format Version 12.00
# Visual Studio Version 17
VisualStudioVersion = 17.8.34309.116
MinimumVisualStudioVersion = 10.0.40219.1
Project("{9A19103F-16F7-4668-BE54-9A1E7A4F7556}") = "ProjektCzlowiekKomputer", "ProjektCzlowiekKomputer\ProjektCzlowiekKomputer.csproj", "{3EDCF767-BFDC-499D-99A7-9E87A6BFF8DE}"
EndProject
Project("{FAE04EC0-301F-11D3-BF4B-00C04F79EFBC}") = "Project.Data", "Project.Data\Project.Data.csproj", "{640C1330-E56C-4EC3-AD8A-C151A0298768}"
EndProject
Global
	GlobalSection(SolutionConfigurationPlatforms) = preSolution
		Debug|Any CPU = Debug|Any CPU
		Release|Any CPU = Release|Any CPU
	EndGlobalSection
	GlobalSection(ProjectConfigurationPlatforms) = postSolution
		{3EDCF767-BFDC-499D-99A7-9E87A6BFF8DE}.Debug|Any CPU.ActiveCfg = Debug|Any CPU
		{3EDCF767-BFDC-499D-99A7-9E87A6BFF8DE}.Debug|Any CPU.Build.0 = Debug|Any CPU
		{3EDCF767-BFDC-499D-99A7-9E87A6BFF8DE}.Release|Any CPU.ActiveCfg = Release|Any CPU
		{3EDCF767-BFDC-499D-99A7-9E87A6BFF8DE}.Release|Any CPU.Build.0 = Release|Any CPU
		{640C1330-E56C-4EC3-AD8A-C151A0298768}.Debug|Any CPU.ActiveCfg = Debug|Any CPU
		{640C1330-E56C-4EC3-AD8A-C151A0298768}.Debug|Any CPU.Build.0 = Debug|Any CPU
		{640C1330-E56C-4EC3-AD8A-C151A0298768}.Release|Any CPU.ActiveCfg = Release|Any CPU
		{640C1330-E56C-4EC3-AD8A-C151A0298768}.Release|Any CPU.Build.0 = Release|Any CPU
	EndGlobalSection
	GlobalSection(SolutionProperties) = preSolution
		HideSolutionNode = FALSE
	EndGlobalSection
	GlobalSection(ExtensibilityGlobals) = postSolution
		SolutionGuid = {517D9CA5-B623-4B51-93B7-26FFBE1C45EA}
	EndGlobalSection
EndGlobal
